// !$*UTF8*$!
{
	archiveVersion = 1;
	classes = {
	};
	objectVersion = 56;
	objects = {

/* Begin PBXBuildFile section */
		D1C70F782BF4A38200954815 /* ui_demoApp.swift in Sources */ = {isa = PBXBuildFile; fileRef = D1C70F772BF4A38200954815 /* ui_demoApp.swift */; };
		D1C70F7A2BF4A38200954815 /* ContentView.swift in Sources */ = {isa = PBXBuildFile; fileRef = D1C70F792BF4A38200954815 /* ContentView.swift */; };
		D1C70F7C2BF4A38300954815 /* Assets.xcassets in Resources */ = {isa = PBXBuildFile; fileRef = D1C70F7B2BF4A38300954815 /* Assets.xcassets */; };
		D1C70F7F2BF4A38300954815 /* Preview Assets.xcassets in Resources */ = {isa = PBXBuildFile; fileRef = D1C70F7E2BF4A38300954815 /* Preview Assets.xcassets */; };
		D1C70F892BF4A38300954815 /* ui_demoTests.swift in Sources */ = {isa = PBXBuildFile; fileRef = D1C70F882BF4A38300954815 /* ui_demoTests.swift */; };
		D1C70F932BF4A38300954815 /* ui_demoUITests.swift in Sources */ = {isa = PBXBuildFile; fileRef = D1C70F922BF4A38300954815 /* ui_demoUITests.swift */; };
		D1C70F952BF4A38300954815 /* ui_demoUITestsLaunchTests.swift in Sources */ = {isa = PBXBuildFile; fileRef = D1C70F942BF4A38300954815 /* ui_demoUITestsLaunchTests.swift */; };
/* End PBXBuildFile section */

/* Begin PBXContainerItemProxy section */
		D1C70F852BF4A38300954815 /* PBXContainerItemProxy */ = {
			isa = PBXContainerItemProxy;
			containerPortal = D1C70F6C2BF4A38200954815 /* Project object */;
			proxyType = 1;
			remoteGlobalIDString = D1C70F732BF4A38200954815;
			remoteInfo = "ui-demo";
		};
		D1C70F8F2BF4A38300954815 /* PBXContainerItemProxy */ = {
			isa = PBXContainerItemProxy;
			containerPortal = D1C70F6C2BF4A38200954815 /* Project object */;
			proxyType = 1;
			remoteGlobalIDString = D1C70F732BF4A38200954815;
			remoteInfo = "ui-demo";
		};
/* End PBXContainerItemProxy section */

/* Begin PBXFileReference section */
		D1C70F742BF4A38200954815 /* ui-demo.app */ = {isa = PBXFileReference; explicitFileType = wrapper.application; includeInIndex = 0; path = "ui-demo.app"; sourceTree = BUILT_PRODUCTS_DIR; };
		D1C70F772BF4A38200954815 /* ui_demoApp.swift */ = {isa = PBXFileReference; lastKnownFileType = sourcecode.swift; path = ui_demoApp.swift; sourceTree = "<group>"; };
		D1C70F792BF4A38200954815 /* ContentView.swift */ = {isa = PBXFileReference; lastKnownFileType = sourcecode.swift; path = ContentView.swift; sourceTree = "<group>"; };
		D1C70F7B2BF4A38300954815 /* Assets.xcassets */ = {isa = PBXFileReference; lastKnownFileType = folder.assetcatalog; path = Assets.xcassets; sourceTree = "<group>"; };
		D1C70F7E2BF4A38300954815 /* Preview Assets.xcassets */ = {isa = PBXFileReference; lastKnownFileType = folder.assetcatalog; path = "Preview Assets.xcassets"; sourceTree = "<group>"; };
		D1C70F842BF4A38300954815 /* ui-demoTests.xctest */ = {isa = PBXFileReference; explicitFileType = wrapper.cfbundle; includeInIndex = 0; path = "ui-demoTests.xctest"; sourceTree = BUILT_PRODUCTS_DIR; };
		D1C70F882BF4A38300954815 /* ui_demoTests.swift */ = {isa = PBXFileReference; lastKnownFileType = sourcecode.swift; path = ui_demoTests.swift; sourceTree = "<group>"; };
		D1C70F8E2BF4A38300954815 /* ui-demoUITests.xctest */ = {isa = PBXFileReference; explicitFileType = wrapper.cfbundle; includeInIndex = 0; path = "ui-demoUITests.xctest"; sourceTree = BUILT_PRODUCTS_DIR; };
		D1C70F922BF4A38300954815 /* ui_demoUITests.swift */ = {isa = PBXFileReference; lastKnownFileType = sourcecode.swift; path = ui_demoUITests.swift; sourceTree = "<group>"; };
		D1C70F942BF4A38300954815 /* ui_demoUITestsLaunchTests.swift */ = {isa = PBXFileReference; lastKnownFileType = sourcecode.swift; path = ui_demoUITestsLaunchTests.swift; sourceTree = "<group>"; };
/* End PBXFileReference section */

/* Begin PBXFrameworksBuildPhase section */
		D1C70F712BF4A38200954815 /* Frameworks */ = {
			isa = PBXFrameworksBuildPhase;
			buildActionMask = 2147483647;
			files = (
			);
			runOnlyForDeploymentPostprocessing = 0;
		};
		D1C70F812BF4A38300954815 /* Frameworks */ = {
			isa = PBXFrameworksBuildPhase;
			buildActionMask = 2147483647;
			files = (
			);
			runOnlyForDeploymentPostprocessing = 0;
		};
		D1C70F8B2BF4A38300954815 /* Frameworks */ = {
			isa = PBXFrameworksBuildPhase;
			buildActionMask = 2147483647;
			files = (
			);
			runOnlyForDeploymentPostprocessing = 0;
		};
/* End PBXFrameworksBuildPhase section */

/* Begin PBXGroup section */
		D1C70F6B2BF4A38200954815 = {
			isa = PBXGroup;
			children = (
				D1C70F762BF4A38200954815 /* ui-demo */,
				D1C70F872BF4A38300954815 /* ui-demoTests */,
				D1C70F912BF4A38300954815 /* ui-demoUITests */,
				D1C70F752BF4A38200954815 /* Products */,
			);
			sourceTree = "<group>";
		};
		D1C70F752BF4A38200954815 /* Products */ = {
			isa = PBXGroup;
			children = (
				D1C70F742BF4A38200954815 /* ui-demo.app */,
				D1C70F842BF4A38300954815 /* ui-demoTests.xctest */,
				D1C70F8E2BF4A38300954815 /* ui-demoUITests.xctest */,
			);
			name = Products;
			sourceTree = "<group>";
		};
		D1C70F762BF4A38200954815 /* ui-demo */ = {
			isa = PBXGroup;
			children = (
				D1C70F772BF4A38200954815 /* ui_demoApp.swift */,
				D1C70F792BF4A38200954815 /* ContentView.swift */,
				D1C70F7B2BF4A38300954815 /* Assets.xcassets */,
				D1C70F7D2BF4A38300954815 /* Preview Content */,
			);
			path = "ui-demo";
			sourceTree = "<group>";
		};
		D1C70F7D2BF4A38300954815 /* Preview Content */ = {
			isa = PBXGroup;
			children = (
				D1C70F7E2BF4A38300954815 /* Preview Assets.xcassets */,
			);
			path = "Preview Content";
			sourceTree = "<group>";
		};
		D1C70F872BF4A38300954815 /* ui-demoTests */ = {
			isa = PBXGroup;
			children = (
				D1C70F882BF4A38300954815 /* ui_demoTests.swift */,
			);
			path = "ui-demoTests";
			sourceTree = "<group>";
		};
		D1C70F912BF4A38300954815 /* ui-demoUITests */ = {
			isa = PBXGroup;
			children = (
				D1C70F922BF4A38300954815 /* ui_demoUITests.swift */,
				D1C70F942BF4A38300954815 /* ui_demoUITestsLaunchTests.swift */,
			);
			path = "ui-demoUITests";
			sourceTree = "<group>";
		};
/* End PBXGroup section */

/* Begin PBXNativeTarget section */
		D1C70F732BF4A38200954815 /* ui-demo */ = {
			isa = PBXNativeTarget;
			buildConfigurationList = D1C70F982BF4A38300954815 /* Build configuration list for PBXNativeTarget "ui-demo" */;
			buildPhases = (
				D1C70F702BF4A38200954815 /* Sources */,
				D1C70F712BF4A38200954815 /* Frameworks */,
				D1C70F722BF4A38200954815 /* Resources */,
			);
			buildRules = (
			);
			dependencies = (
			);
			name = "ui-demo";
			productName = "ui-demo";
			productReference = D1C70F742BF4A38200954815 /* ui-demo.app */;
			productType = "com.apple.product-type.application";
		};
		D1C70F832BF4A38300954815 /* ui-demoTests */ = {
			isa = PBXNativeTarget;
			buildConfigurationList = D1C70F9B2BF4A38300954815 /* Build configuration list for PBXNativeTarget "ui-demoTests" */;
			buildPhases = (
				D1C70F802BF4A38300954815 /* Sources */,
				D1C70F812BF4A38300954815 /* Frameworks */,
				D1C70F822BF4A38300954815 /* Resources */,
			);
			buildRules = (
			);
			dependencies = (
				D1C70F862BF4A38300954815 /* PBXTargetDependency */,
			);
			name = "ui-demoTests";
			productName = "ui-demoTests";
			productReference = D1C70F842BF4A38300954815 /* ui-demoTests.xctest */;
			productType = "com.apple.product-type.bundle.unit-test";
		};
		D1C70F8D2BF4A38300954815 /* ui-demoUITests */ = {
			isa = PBXNativeTarget;
			buildConfigurationList = D1C70F9E2BF4A38300954815 /* Build configuration list for PBXNativeTarget "ui-demoUITests" */;
			buildPhases = (
				D1C70F8A2BF4A38300954815 /* Sources */,
				D1C70F8B2BF4A38300954815 /* Frameworks */,
				D1C70F8C2BF4A38300954815 /* Resources */,
			);
			buildRules = (
			);
			dependencies = (
				D1C70F902BF4A38300954815 /* PBXTargetDependency */,
			);
			name = "ui-demoUITests";
			productName = "ui-demoUITests";
			productReference = D1C70F8E2BF4A38300954815 /* ui-demoUITests.xctest */;
			productType = "com.apple.product-type.bundle.ui-testing";
		};
/* End PBXNativeTarget section */

/* Begin PBXProject section */
		D1C70F6C2BF4A38200954815 /* Project object */ = {
			isa = PBXProject;
			attributes = {
				BuildIndependentTargetsInParallel = 1;
				LastSwiftUpdateCheck = 1540;
				LastUpgradeCheck = 1540;
				TargetAttributes = {
					D1C70F732BF4A38200954815 = {
						CreatedOnToolsVersion = 15.4;
					};
					D1C70F832BF4A38300954815 = {
						CreatedOnToolsVersion = 15.4;
						TestTargetID = D1C70F732BF4A38200954815;
					};
					D1C70F8D2BF4A38300954815 = {
						CreatedOnToolsVersion = 15.4;
						TestTargetID = D1C70F732BF4A38200954815;
					};
				};
			};
			buildConfigurationList = D1C70F6F2BF4A38200954815 /* Build configuration list for PBXProject "ui-demo" */;
			compatibilityVersion = "Xcode 14.0";
			developmentRegion = en;
			hasScannedForEncodings = 0;
			knownRegions = (
				en,
				Base,
			);
			mainGroup = D1C70F6B2BF4A38200954815;
			productRefGroup = D1C70F752BF4A38200954815 /* Products */;
			projectDirPath = "";
			projectRoot = "";
			targets = (
				D1C70F732BF4A38200954815 /* ui-demo */,
				D1C70F832BF4A38300954815 /* ui-demoTests */,
				D1C70F8D2BF4A38300954815 /* ui-demoUITests */,
			);
		};
/* End PBXProject section */

/* Begin PBXResourcesBuildPhase section */
		D1C70F722BF4A38200954815 /* Resources */ = {
			isa = PBXResourcesBuildPhase;
			buildActionMask = 2147483647;
			files = (
				D1C70F7F2BF4A38300954815 /* Preview Assets.xcassets in Resources */,
				D1C70F7C2BF4A38300954815 /* Assets.xcassets in Resources */,
			);
			runOnlyForDeploymentPostprocessing = 0;
		};
		D1C70F822BF4A38300954815 /* Resources */ = {
			isa = PBXResourcesBuildPhase;
			buildActionMask = 2147483647;
			files = (
			);
			runOnlyForDeploymentPostprocessing = 0;
		};
		D1C70F8C2BF4A38300954815 /* Resources */ = {
			isa = PBXResourcesBuildPhase;
			buildActionMask = 2147483647;
			files = (
			);
			runOnlyForDeploymentPostprocessing = 0;
		};
/* End PBXResourcesBuildPhase section */

/* Begin PBXSourcesBuildPhase section */
		D1C70F702BF4A38200954815 /* Sources */ = {
			isa = PBXSourcesBuildPhase;
			buildActionMask = 2147483647;
			files = (
				D1C70F7A2BF4A38200954815 /* ContentView.swift in Sources */,
				D1C70F782BF4A38200954815 /* ui_demoApp.swift in Sources */,
			);
			runOnlyForDeploymentPostprocessing = 0;
		};
		D1C70F802BF4A38300954815 /* Sources */ = {
			isa = PBXSourcesBuildPhase;
			buildActionMask = 2147483647;
			files = (
				D1C70F892BF4A38300954815 /* ui_demoTests.swift in Sources */,
			);
			runOnlyForDeploymentPostprocessing = 0;
		};
		D1C70F8A2BF4A38300954815 /* Sources */ = {
			isa = PBXSourcesBuildPhase;
			buildActionMask = 2147483647;
			files = (
				D1C70F932BF4A38300954815 /* ui_demoUITests.swift in Sources */,
				D1C70F952BF4A38300954815 /* ui_demoUITestsLaunchTests.swift in Sources */,
			);
			runOnlyForDeploymentPostprocessing = 0;
		};
/* End PBXSourcesBuildPhase section */

/* Begin PBXTargetDependency section */
		D1C70F862BF4A38300954815 /* PBXTargetDependency */ = {
			isa = PBXTargetDependency;
			target = D1C70F732BF4A38200954815 /* ui-demo */;
			targetProxy = D1C70F852BF4A38300954815 /* PBXContainerItemProxy */;
		};
		D1C70F902BF4A38300954815 /* PBXTargetDependency */ = {
			isa = PBXTargetDependency;
			target = D1C70F732BF4A38200954815 /* ui-demo */;
			targetProxy = D1C70F8F2BF4A38300954815 /* PBXContainerItemProxy */;
		};
/* End PBXTargetDependency section */

/* Begin XCBuildConfiguration section */
		D1C70F962BF4A38300954815 /* Debug */ = {
			isa = XCBuildConfiguration;
			buildSettings = {
				ALWAYS_SEARCH_USER_PATHS = NO;
				ASSETCATALOG_COMPILER_GENERATE_SWIFT_ASSET_SYMBOL_EXTENSIONS = YES;
				CLANG_ANALYZER_NONNULL = YES;
				CLANG_ANALYZER_NUMBER_OBJECT_CONVERSION = YES_AGGRESSIVE;
				CLANG_CXX_LANGUAGE_STANDARD = "gnu++20";
				CLANG_ENABLE_MODULES = YES;
				CLANG_ENABLE_OBJC_ARC = YES;
				CLANG_ENABLE_OBJC_WEAK = YES;
				CLANG_WARN_BLOCK_CAPTURE_AUTORELEASING = YES;
				CLANG_WARN_BOOL_CONVERSION = YES;
				CLANG_WARN_COMMA = YES;
				CLANG_WARN_CONSTANT_CONVERSION = YES;
				CLANG_WARN_DEPRECATED_OBJC_IMPLEMENTATIONS = YES;
				CLANG_WARN_DIRECT_OBJC_ISA_USAGE = YES_ERROR;
				CLANG_WARN_DOCUMENTATION_COMMENTS = YES;
				CLANG_WARN_EMPTY_BODY = YES;
				CLANG_WARN_ENUM_CONVERSION = YES;
				CLANG_WARN_INFINITE_RECURSION = YES;
				CLANG_WARN_INT_CONVERSION = YES;
				CLANG_WARN_NON_LITERAL_NULL_CONVERSION = YES;
				CLANG_WARN_OBJC_IMPLICIT_RETAIN_SELF = YES;
				CLANG_WARN_OBJC_LITERAL_CONVERSION = YES;
				CLANG_WARN_OBJC_ROOT_CLASS = YES_ERROR;
				CLANG_WARN_QUOTED_INCLUDE_IN_FRAMEWORK_HEADER = YES;
				CLANG_WARN_RANGE_LOOP_ANALYSIS = YES;
				CLANG_WARN_STRICT_PROTOTYPES = YES;
				CLANG_WARN_SUSPICIOUS_MOVE = YES;
				CLANG_WARN_UNGUARDED_AVAILABILITY = YES_AGGRESSIVE;
				CLANG_WARN_UNREACHABLE_CODE = YES;
				CLANG_WARN__DUPLICATE_METHOD_MATCH = YES;
				COPY_PHASE_STRIP = NO;
				DEBUG_INFORMATION_FORMAT = dwarf;
				ENABLE_STRICT_OBJC_MSGSEND = YES;
				ENABLE_TESTABILITY = YES;
				ENABLE_USER_SCRIPT_SANDBOXING = YES;
				GCC_C_LANGUAGE_STANDARD = gnu17;
				GCC_DYNAMIC_NO_PIC = NO;
				GCC_NO_COMMON_BLOCKS = YES;
				GCC_OPTIMIZATION_LEVEL = 0;
				GCC_PREPROCESSOR_DEFINITIONS = (
					"DEBUG=1",
					"$(inherited)",
				);
				GCC_WARN_64_TO_32_BIT_CONVERSION = YES;
				GCC_WARN_ABOUT_RETURN_TYPE = YES_ERROR;
				GCC_WARN_UNDECLARED_SELECTOR = YES;
				GCC_WARN_UNINITIALIZED_AUTOS = YES_AGGRESSIVE;
				GCC_WARN_UNUSED_FUNCTION = YES;
				GCC_WARN_UNUSED_VARIABLE = YES;
				IPHONEOS_DEPLOYMENT_TARGET = 17.5;
				LOCALIZATION_PREFERS_STRING_CATALOGS = YES;
				MTL_ENABLE_DEBUG_INFO = INCLUDE_SOURCE;
				MTL_FAST_MATH = YES;
				ONLY_ACTIVE_ARCH = YES;
				SDKROOT = iphoneos;
				SWIFT_ACTIVE_COMPILATION_CONDITIONS = "DEBUG $(inherited)";
				SWIFT_OPTIMIZATION_LEVEL = "-Onone";
			};
			name = Debug;
		};
		D1C70F972BF4A38300954815 /* Release */ = {
			isa = XCBuildConfiguration;
			buildSettings = {
				ALWAYS_SEARCH_USER_PATHS = NO;
				ASSETCATALOG_COMPILER_GENERATE_SWIFT_ASSET_SYMBOL_EXTENSIONS = YES;
				CLANG_ANALYZER_NONNULL = YES;
				CLANG_ANALYZER_NUMBER_OBJECT_CONVERSION = YES_AGGRESSIVE;
				CLANG_CXX_LANGUAGE_STANDARD = "gnu++20";
				CLANG_ENABLE_MODULES = YES;
				CLANG_ENABLE_OBJC_ARC = YES;
				CLANG_ENABLE_OBJC_WEAK = YES;
				CLANG_WARN_BLOCK_CAPTURE_AUTORELEASING = YES;
				CLANG_WARN_BOOL_CONVERSION = YES;
				CLANG_WARN_COMMA = YES;
				CLANG_WARN_CONSTANT_CONVERSION = YES;
				CLANG_WARN_DEPRECATED_OBJC_IMPLEMENTATIONS = YES;
				CLANG_WARN_DIRECT_OBJC_ISA_USAGE = YES_ERROR;
				CLANG_WARN_DOCUMENTATION_COMMENTS = YES;
				CLANG_WARN_EMPTY_BODY = YES;
				CLANG_WARN_ENUM_CONVERSION = YES;
				CLANG_WARN_INFINITE_RECURSION = YES;
				CLANG_WARN_INT_CONVERSION = YES;
				CLANG_WARN_NON_LITERAL_NULL_CONVERSION = YES;
				CLANG_WARN_OBJC_IMPLICIT_RETAIN_SELF = YES;
				CLANG_WARN_OBJC_LITERAL_CONVERSION = YES;
				CLANG_WARN_OBJC_ROOT_CLASS = YES_ERROR;
				CLANG_WARN_QUOTED_INCLUDE_IN_FRAMEWORK_HEADER = YES;
				CLANG_WARN_RANGE_LOOP_ANALYSIS = YES;
				CLANG_WARN_STRICT_PROTOTYPES = YES;
				CLANG_WARN_SUSPICIOUS_MOVE = YES;
				CLANG_WARN_UNGUARDED_AVAILABILITY = YES_AGGRESSIVE;
				CLANG_WARN_UNREACHABLE_CODE = YES;
				CLANG_WARN__DUPLICATE_METHOD_MATCH = YES;
				COPY_PHASE_STRIP = NO;
				DEBUG_INFORMATION_FORMAT = "dwarf-with-dsym";
				ENABLE_NS_ASSERTIONS = NO;
				ENABLE_STRICT_OBJC_MSGSEND = YES;
				ENABLE_USER_SCRIPT_SANDBOXING = YES;
				GCC_C_LANGUAGE_STANDARD = gnu17;
				GCC_NO_COMMON_BLOCKS = YES;
				GCC_WARN_64_TO_32_BIT_CONVERSION = YES;
				GCC_WARN_ABOUT_RETURN_TYPE = YES_ERROR;
				GCC_WARN_UNDECLARED_SELECTOR = YES;
				GCC_WARN_UNINITIALIZED_AUTOS = YES_AGGRESSIVE;
				GCC_WARN_UNUSED_FUNCTION = YES;
				GCC_WARN_UNUSED_VARIABLE = YES;
				IPHONEOS_DEPLOYMENT_TARGET = 17.5;
				LOCALIZATION_PREFERS_STRING_CATALOGS = YES;
				MTL_ENABLE_DEBUG_INFO = NO;
				MTL_FAST_MATH = YES;
				SDKROOT = iphoneos;
				SWIFT_COMPILATION_MODE = wholemodule;
				VALIDATE_PRODUCT = YES;
			};
			name = Release;
		};
		D1C70F992BF4A38300954815 /* Debug */ = {
			isa = XCBuildConfiguration;
			buildSettings = {
				ASSETCATALOG_COMPILER_APPICON_NAME = AppIcon;
				ASSETCATALOG_COMPILER_GLOBAL_ACCENT_COLOR_NAME = AccentColor;
				CODE_SIGN_STYLE = Automatic;
				CURRENT_PROJECT_VERSION = 1;
				DEVELOPMENT_ASSET_PATHS = "\"ui-demo/Preview Content\"";
				ENABLE_PREVIEWS = YES;
				GENERATE_INFOPLIST_FILE = YES;
				INFOPLIST_KEY_UIApplicationSceneManifest_Generation = YES;
				INFOPLIST_KEY_UIApplicationSupportsIndirectInputEvents = YES;
				INFOPLIST_KEY_UILaunchScreen_Generation = YES;
				INFOPLIST_KEY_UISupportedInterfaceOrientations_iPad = "UIInterfaceOrientationPortrait UIInterfaceOrientationPortraitUpsideDown UIInterfaceOrientationLandscapeLeft UIInterfaceOrientationLandscapeRight";
				INFOPLIST_KEY_UISupportedInterfaceOrientations_iPhone = "UIInterfaceOrientationPortrait UIInterfaceOrientationLandscapeLeft UIInterfaceOrientationLandscapeRight";
				LD_RUNPATH_SEARCH_PATHS = (
					"$(inherited)",
					"@executable_path/Frameworks",
				);
				MARKETING_VERSION = 1.0;
				PRODUCT_BUNDLE_IDENTIFIER = "com.fakecompany.ui-demo";
				PRODUCT_NAME = "$(TARGET_NAME)";
				SWIFT_EMIT_LOC_STRINGS = YES;
				SWIFT_VERSION = 5.0;
				TARGETED_DEVICE_FAMILY = "1,2";
			};
			name = Debug;
		};
		D1C70F9A2BF4A38300954815 /* Release */ = {
			isa = XCBuildConfiguration;
			buildSettings = {
				ASSETCATALOG_COMPILER_APPICON_NAME = AppIcon;
				ASSETCATALOG_COMPILER_GLOBAL_ACCENT_COLOR_NAME = AccentColor;
				CODE_SIGN_STYLE = Automatic;
				CURRENT_PROJECT_VERSION = 1;
				DEVELOPMENT_ASSET_PATHS = "\"ui-demo/Preview Content\"";
				ENABLE_PREVIEWS = YES;
				GENERATE_INFOPLIST_FILE = YES;
				INFOPLIST_KEY_UIApplicationSceneManifest_Generation = YES;
				INFOPLIST_KEY_UIApplicationSupportsIndirectInputEvents = YES;
				INFOPLIST_KEY_UILaunchScreen_Generation = YES;
				INFOPLIST_KEY_UISupportedInterfaceOrientations_iPad = "UIInterfaceOrientationPortrait UIInterfaceOrientationPortraitUpsideDown UIInterfaceOrientationLandscapeLeft UIInterfaceOrientationLandscapeRight";
				INFOPLIST_KEY_UISupportedInterfaceOrientations_iPhone = "UIInterfaceOrientationPortrait UIInterfaceOrientationLandscapeLeft UIInterfaceOrientationLandscapeRight";
				LD_RUNPATH_SEARCH_PATHS = (
					"$(inherited)",
					"@executable_path/Frameworks",
				);
				MARKETING_VERSION = 1.0;
				PRODUCT_BUNDLE_IDENTIFIER = "com.fakecompany.ui-demo";
				PRODUCT_NAME = "$(TARGET_NAME)";
				SWIFT_EMIT_LOC_STRINGS = YES;
				SWIFT_VERSION = 5.0;
				TARGETED_DEVICE_FAMILY = "1,2";
			};
			name = Release;
		};
		D1C70F9C2BF4A38300954815 /* Debug */ = {
			isa = XCBuildConfiguration;
			buildSettings = {
				ALWAYS_EMBED_SWIFT_STANDARD_LIBRARIES = YES;
				BUNDLE_LOADER = "$(TEST_HOST)";
				CODE_SIGN_STYLE = Automatic;
				CURRENT_PROJECT_VERSION = 1;
				GENERATE_INFOPLIST_FILE = YES;
				IPHONEOS_DEPLOYMENT_TARGET = 17.5;
				MARKETING_VERSION = 1.0;
				PRODUCT_BUNDLE_IDENTIFIER = "com.fakecompany.ui-demoTests";
				PRODUCT_NAME = "$(TARGET_NAME)";
				SWIFT_EMIT_LOC_STRINGS = NO;
				SWIFT_VERSION = 5.0;
				TARGETED_DEVICE_FAMILY = "1,2";
				TEST_HOST = "$(BUILT_PRODUCTS_DIR)/ui-demo.app/$(BUNDLE_EXECUTABLE_FOLDER_PATH)/ui-demo";
			};
			name = Debug;
		};
		D1C70F9D2BF4A38300954815 /* Release */ = {
			isa = XCBuildConfiguration;
			buildSettings = {
				ALWAYS_EMBED_SWIFT_STANDARD_LIBRARIES = YES;
				BUNDLE_LOADER = "$(TEST_HOST)";
				CODE_SIGN_STYLE = Automatic;
				CURRENT_PROJECT_VERSION = 1;
				GENERATE_INFOPLIST_FILE = YES;
				IPHONEOS_DEPLOYMENT_TARGET = 17.5;
				MARKETING_VERSION = 1.0;
				PRODUCT_BUNDLE_IDENTIFIER = "com.fakecompany.ui-demoTests";
				PRODUCT_NAME = "$(TARGET_NAME)";
				SWIFT_EMIT_LOC_STRINGS = NO;
				SWIFT_VERSION = 5.0;
				TARGETED_DEVICE_FAMILY = "1,2";
				TEST_HOST = "$(BUILT_PRODUCTS_DIR)/ui-demo.app/$(BUNDLE_EXECUTABLE_FOLDER_PATH)/ui-demo";
			};
			name = Release;
		};
		D1C70F9F2BF4A38300954815 /* Debug */ = {
			isa = XCBuildConfiguration;
			buildSettings = {
				ALWAYS_EMBED_SWIFT_STANDARD_LIBRARIES = YES;
				CODE_SIGN_STYLE = Automatic;
				CURRENT_PROJECT_VERSION = 1;
				GENERATE_INFOPLIST_FILE = YES;
				MARKETING_VERSION = 1.0;
				PRODUCT_BUNDLE_IDENTIFIER = "com.fakecompany.ui-demoUITests";
				PRODUCT_NAME = "$(TARGET_NAME)";
				SWIFT_EMIT_LOC_STRINGS = NO;
				SWIFT_VERSION = 5.0;
				TARGETED_DEVICE_FAMILY = "1,2";
				TEST_TARGET_NAME = "ui-demo";
			};
			name = Debug;
		};
		D1C70FA02BF4A38300954815 /* Release */ = {
			isa = XCBuildConfiguration;
			buildSettings = {
				ALWAYS_EMBED_SWIFT_STANDARD_LIBRARIES = YES;
				CODE_SIGN_STYLE = Automatic;
				CURRENT_PROJECT_VERSION = 1;
				GENERATE_INFOPLIST_FILE = YES;
				MARKETING_VERSION = 1.0;
				PRODUCT_BUNDLE_IDENTIFIER = "com.fakecompany.ui-demoUITests";
				PRODUCT_NAME = "$(TARGET_NAME)";
				SWIFT_EMIT_LOC_STRINGS = NO;
				SWIFT_VERSION = 5.0;
				TARGETED_DEVICE_FAMILY = "1,2";
				TEST_TARGET_NAME = "ui-demo";
			};
			name = Release;
		};
/* End XCBuildConfiguration section */

/* Begin XCConfigurationList section */
		D1C70F6F2BF4A38200954815 /* Build configuration list for PBXProject "ui-demo" */ = {
			isa = XCConfigurationList;
			buildConfigurations = (
				D1C70F962BF4A38300954815 /* Debug */,
				D1C70F972BF4A38300954815 /* Release */,
			);
			defaultConfigurationIsVisible = 0;
			defaultConfigurationName = Release;
		};
		D1C70F982BF4A38300954815 /* Build configuration list for PBXNativeTarget "ui-demo" */ = {
			isa = XCConfigurationList;
			buildConfigurations = (
				D1C70F992BF4A38300954815 /* Debug */,
				D1C70F9A2BF4A38300954815 /* Release */,
			);
			defaultConfigurationIsVisible = 0;
			defaultConfigurationName = Release;
		};
		D1C70F9B2BF4A38300954815 /* Build configuration list for PBXNativeTarget "ui-demoTests" */ = {
			isa = XCConfigurationList;
			buildConfigurations = (
				D1C70F9C2BF4A38300954815 /* Debug */,
				D1C70F9D2BF4A38300954815 /* Release */,
			);
			defaultConfigurationIsVisible = 0;
			defaultConfigurationName = Release;
		};
		D1C70F9E2BF4A38300954815 /* Build configuration list for PBXNativeTarget "ui-demoUITests" */ = {
			isa = XCConfigurationList;
			buildConfigurations = (
				D1C70F9F2BF4A38300954815 /* Debug */,
				D1C70FA02BF4A38300954815 /* Release */,
			);
			defaultConfigurationIsVisible = 0;
			defaultConfigurationName = Release;
		};
/* End XCConfigurationList section */
	};
	rootObject = D1C70F6C2BF4A38200954815 /* Project object */;
}
